
Microsoft Visual Studio Solution File, Format Version 12.00
# Visual Studio 15
VisualStudioVersion = 15.0.27004.2006
MinimumVisualStudioVersion = 10.0.40219.1
Project("{FAE04EC0-301F-11D3-BF4B-00C04F79EFBC}") = "ConsoleApp6", "ConsoleApp6\ConsoleApp6.csproj", "{D23103B0-10B5-4F64-BE42-DFDEAC4E3638}"
EndProject
Global
	GlobalSection(SolutionConfigurationPlatforms) = preSolution
		Debug|Any CPU = Debug|Any CPU
		Release|Any CPU = Release|Any CPU
	EndGlobalSection
	GlobalSection(ProjectConfigurationPlatforms) = postSolution
		{D23103B0-10B5-4F64-BE42-DFDEAC4E3638}.Debug|Any CPU.ActiveCfg = Debug|Any CPU
		{D23103B0-10B5-4F64-BE42-DFDEAC4E3638}.Debug|Any CPU.Build.0 = Debug|Any CPU
		{D23103B0-10B5-4F64-BE42-DFDEAC4E3638}.Release|Any CPU.ActiveCfg = Release|Any CPU
		{D23103B0-10B5-4F64-BE42-DFDEAC4E3638}.Release|Any CPU.Build.0 = Release|Any CPU
	EndGlobalSection
	GlobalSection(SolutionProperties) = preSolution
		HideSolutionNode = FALSE
	EndGlobalSection
	GlobalSection(ExtensibilityGlobals) = postSolution
		SolutionGuid = {4FAB8D4C-C090-4A8E-B263-19A8656F43D3}
	EndGlobalSection
EndGlobal
